
Microsoft Visual Studio Solution File, Format Version 12.00
# Visual Studio Version 16
VisualStudioVersion = 16.0.32002.261
MinimumVisualStudioVersion = 10.0.40219.1
Project("{FAE04EC0-301F-11D3-BF4B-00C04F79EFBC}") = "081220008_Questao_4", "081220008_Questao_4\081220008_Questao_4.csproj", "{EAEB8642-F345-45DD-8D63-C4A369B22BA4}"
EndProject
Global
	GlobalSection(SolutionConfigurationPlatforms) = preSolution
		Debug|Any CPU = Debug|Any CPU
		Release|Any CPU = Release|Any CPU
	EndGlobalSection
	GlobalSection(ProjectConfigurationPlatforms) = postSolution
		{EAEB8642-F345-45DD-8D63-C4A369B22BA4}.Debug|Any CPU.ActiveCfg = Debug|Any CPU
		{EAEB8642-F345-45DD-8D63-C4A369B22BA4}.Debug|Any CPU.Build.0 = Debug|Any CPU
		{EAEB8642-F345-45DD-8D63-C4A369B22BA4}.Release|Any CPU.ActiveCfg = Release|Any CPU
		{EAEB8642-F345-45DD-8D63-C4A369B22BA4}.Release|Any CPU.Build.0 = Release|Any CPU
	EndGlobalSection
	GlobalSection(SolutionProperties) = preSolution
		HideSolutionNode = FALSE
	EndGlobalSection
	GlobalSection(ExtensibilityGlobals) = postSolution
		SolutionGuid = {5B23EEE7-B6B4-4004-B8BA-431A9272F6BC}
	EndGlobalSection
EndGlobal
