
Microsoft Visual Studio Solution File, Format Version 12.00
# Visual Studio Version 17
VisualStudioVersion = 17.0.32014.148
MinimumVisualStudioVersion = 10.0.40219.1
Project("{FAE04EC0-301F-11D3-BF4B-00C04F79EFBC}") = "aula14", "aula14\aula14.csproj", "{A8235BDB-4287-434C-93C2-8C75138F91EB}"
EndProject
Global
	GlobalSection(SolutionConfigurationPlatforms) = preSolution
		Debug|Any CPU = Debug|Any CPU
		Release|Any CPU = Release|Any CPU
	EndGlobalSection
	GlobalSection(ProjectConfigurationPlatforms) = postSolution
		{A8235BDB-4287-434C-93C2-8C75138F91EB}.Debug|Any CPU.ActiveCfg = Debug|Any CPU
		{A8235BDB-4287-434C-93C2-8C75138F91EB}.Debug|Any CPU.Build.0 = Debug|Any CPU
		{A8235BDB-4287-434C-93C2-8C75138F91EB}.Release|Any CPU.ActiveCfg = Release|Any CPU
		{A8235BDB-4287-434C-93C2-8C75138F91EB}.Release|Any CPU.Build.0 = Release|Any CPU
	EndGlobalSection
	GlobalSection(SolutionProperties) = preSolution
		HideSolutionNode = FALSE
	EndGlobalSection
	GlobalSection(ExtensibilityGlobals) = postSolution
		SolutionGuid = {9E0583A2-69F0-4091-A2C4-2B09290955B6}
	EndGlobalSection
EndGlobal
