
Microsoft Visual Studio Solution File, Format Version 12.00
# Visual Studio Version 17
VisualStudioVersion = 17.0.32014.148
MinimumVisualStudioVersion = 10.0.40219.1
Project("{FAE04EC0-301F-11D3-BF4B-00C04F79EFBC}") = "aula3", "aula3\aula3.csproj", "{18B5C49F-9E2D-4F45-8337-A4D80CB82E28}"
EndProject
Global
	GlobalSection(SolutionConfigurationPlatforms) = preSolution
		Debug|Any CPU = Debug|Any CPU
		Release|Any CPU = Release|Any CPU
	EndGlobalSection
	GlobalSection(ProjectConfigurationPlatforms) = postSolution
		{18B5C49F-9E2D-4F45-8337-A4D80CB82E28}.Debug|Any CPU.ActiveCfg = Debug|Any CPU
		{18B5C49F-9E2D-4F45-8337-A4D80CB82E28}.Debug|Any CPU.Build.0 = Debug|Any CPU
		{18B5C49F-9E2D-4F45-8337-A4D80CB82E28}.Release|Any CPU.ActiveCfg = Release|Any CPU
		{18B5C49F-9E2D-4F45-8337-A4D80CB82E28}.Release|Any CPU.Build.0 = Release|Any CPU
	EndGlobalSection
	GlobalSection(SolutionProperties) = preSolution
		HideSolutionNode = FALSE
	EndGlobalSection
	GlobalSection(ExtensibilityGlobals) = postSolution
		SolutionGuid = {5B5EB162-56E6-4B00-B956-E70D21E78188}
	EndGlobalSection
EndGlobal
