
Microsoft Visual Studio Solution File, Format Version 12.00
# Visual Studio Version 16
VisualStudioVersion = 16.0.32510.428
MinimumVisualStudioVersion = 10.0.40219.1
Project("{FAE04EC0-301F-11D3-BF4B-00C04F79EFBC}") = "aula18.2", "aula18.2\aula18.2.csproj", "{54C578F4-80CE-4319-A4F6-2ABCBD67FCD8}"
EndProject
Global
	GlobalSection(SolutionConfigurationPlatforms) = preSolution
		Debug|Any CPU = Debug|Any CPU
		Release|Any CPU = Release|Any CPU
	EndGlobalSection
	GlobalSection(ProjectConfigurationPlatforms) = postSolution
		{54C578F4-80CE-4319-A4F6-2ABCBD67FCD8}.Debug|Any CPU.ActiveCfg = Debug|Any CPU
		{54C578F4-80CE-4319-A4F6-2ABCBD67FCD8}.Debug|Any CPU.Build.0 = Debug|Any CPU
		{54C578F4-80CE-4319-A4F6-2ABCBD67FCD8}.Release|Any CPU.ActiveCfg = Release|Any CPU
		{54C578F4-80CE-4319-A4F6-2ABCBD67FCD8}.Release|Any CPU.Build.0 = Release|Any CPU
	EndGlobalSection
	GlobalSection(SolutionProperties) = preSolution
		HideSolutionNode = FALSE
	EndGlobalSection
	GlobalSection(ExtensibilityGlobals) = postSolution
		SolutionGuid = {3C05EE3A-7C4A-40BF-9D96-FF711A7CC94C}
	EndGlobalSection
EndGlobal
