
Microsoft Visual Studio Solution File, Format Version 12.00
# Visual Studio Version 16
VisualStudioVersion = 16.0.32510.428
MinimumVisualStudioVersion = 10.0.40219.1
Project("{FAE04EC0-301F-11D3-BF4B-00C04F79EFBC}") = "aula18.3", "aula18.3\aula18.3.csproj", "{F264D3BF-96F3-457C-8C74-F8D63CC0C793}"
EndProject
Global
	GlobalSection(SolutionConfigurationPlatforms) = preSolution
		Debug|Any CPU = Debug|Any CPU
		Release|Any CPU = Release|Any CPU
	EndGlobalSection
	GlobalSection(ProjectConfigurationPlatforms) = postSolution
		{F264D3BF-96F3-457C-8C74-F8D63CC0C793}.Debug|Any CPU.ActiveCfg = Debug|Any CPU
		{F264D3BF-96F3-457C-8C74-F8D63CC0C793}.Debug|Any CPU.Build.0 = Debug|Any CPU
		{F264D3BF-96F3-457C-8C74-F8D63CC0C793}.Release|Any CPU.ActiveCfg = Release|Any CPU
		{F264D3BF-96F3-457C-8C74-F8D63CC0C793}.Release|Any CPU.Build.0 = Release|Any CPU
	EndGlobalSection
	GlobalSection(SolutionProperties) = preSolution
		HideSolutionNode = FALSE
	EndGlobalSection
	GlobalSection(ExtensibilityGlobals) = postSolution
		SolutionGuid = {8105210D-0039-444D-8BE9-EBD571D4E2BE}
	EndGlobalSection
EndGlobal
