
Microsoft Visual Studio Solution File, Format Version 12.00
# Visual Studio Version 17
VisualStudioVersion = 17.4.33213.308
MinimumVisualStudioVersion = 10.0.40219.1
Project("{FAE04EC0-301F-11D3-BF4B-00C04F79EFBC}") = "Exercise2", "Exercise2.csproj", "{9073BC57-1DBB-4279-9AF6-23F495AFD940}"
EndProject
Global
	GlobalSection(SolutionConfigurationPlatforms) = preSolution
		Debug|Any CPU = Debug|Any CPU
		Release|Any CPU = Release|Any CPU
	EndGlobalSection
	GlobalSection(ProjectConfigurationPlatforms) = postSolution
		{9073BC57-1DBB-4279-9AF6-23F495AFD940}.Debug|Any CPU.ActiveCfg = Debug|Any CPU
		{9073BC57-1DBB-4279-9AF6-23F495AFD940}.Debug|Any CPU.Build.0 = Debug|Any CPU
		{9073BC57-1DBB-4279-9AF6-23F495AFD940}.Release|Any CPU.ActiveCfg = Release|Any CPU
		{9073BC57-1DBB-4279-9AF6-23F495AFD940}.Release|Any CPU.Build.0 = Release|Any CPU
	EndGlobalSection
	GlobalSection(SolutionProperties) = preSolution
		HideSolutionNode = FALSE
	EndGlobalSection
	GlobalSection(ExtensibilityGlobals) = postSolution
		SolutionGuid = {36AB17DB-A81D-4E56-B4E4-D2448D26E474}
	EndGlobalSection
EndGlobal
