
Microsoft Visual Studio Solution File, Format Version 12.00
# Visual Studio Version 16
VisualStudioVersion = 16.0.32510.428
MinimumVisualStudioVersion = 10.0.40219.1
Project("{FAE04EC0-301F-11D3-BF4B-00C04F79EFBC}") = "aula17", "aula17\aula17.csproj", "{402DA386-483C-4601-AC1F-888EA909EB88}"
EndProject
Global
	GlobalSection(SolutionConfigurationPlatforms) = preSolution
		Debug|Any CPU = Debug|Any CPU
		Release|Any CPU = Release|Any CPU
	EndGlobalSection
	GlobalSection(ProjectConfigurationPlatforms) = postSolution
		{402DA386-483C-4601-AC1F-888EA909EB88}.Debug|Any CPU.ActiveCfg = Debug|Any CPU
		{402DA386-483C-4601-AC1F-888EA909EB88}.Debug|Any CPU.Build.0 = Debug|Any CPU
		{402DA386-483C-4601-AC1F-888EA909EB88}.Release|Any CPU.ActiveCfg = Release|Any CPU
		{402DA386-483C-4601-AC1F-888EA909EB88}.Release|Any CPU.Build.0 = Release|Any CPU
	EndGlobalSection
	GlobalSection(SolutionProperties) = preSolution
		HideSolutionNode = FALSE
	EndGlobalSection
	GlobalSection(ExtensibilityGlobals) = postSolution
		SolutionGuid = {FEABB6EA-22A7-4D7E-803E-FA7D6FE7A7AA}
	EndGlobalSection
EndGlobal
