
Microsoft Visual Studio Solution File, Format Version 12.00
# Visual Studio Version 16
VisualStudioVersion = 16.0.32510.428
MinimumVisualStudioVersion = 10.0.40219.1
Project("{FAE04EC0-301F-11D3-BF4B-00C04F79EFBC}") = "aula15.3", "aula15.3\aula15.3.csproj", "{AB920C38-452B-4788-8BFE-F367FF9865F7}"
EndProject
Global
	GlobalSection(SolutionConfigurationPlatforms) = preSolution
		Debug|Any CPU = Debug|Any CPU
		Release|Any CPU = Release|Any CPU
	EndGlobalSection
	GlobalSection(ProjectConfigurationPlatforms) = postSolution
		{AB920C38-452B-4788-8BFE-F367FF9865F7}.Debug|Any CPU.ActiveCfg = Debug|Any CPU
		{AB920C38-452B-4788-8BFE-F367FF9865F7}.Debug|Any CPU.Build.0 = Debug|Any CPU
		{AB920C38-452B-4788-8BFE-F367FF9865F7}.Release|Any CPU.ActiveCfg = Release|Any CPU
		{AB920C38-452B-4788-8BFE-F367FF9865F7}.Release|Any CPU.Build.0 = Release|Any CPU
	EndGlobalSection
	GlobalSection(SolutionProperties) = preSolution
		HideSolutionNode = FALSE
	EndGlobalSection
	GlobalSection(ExtensibilityGlobals) = postSolution
		SolutionGuid = {F1315D18-D287-4C1C-AB77-CAD060CE429C}
	EndGlobalSection
EndGlobal
