
Microsoft Visual Studio Solution File, Format Version 12.00
# Visual Studio Version 16
VisualStudioVersion = 16.0.32228.343
MinimumVisualStudioVersion = 10.0.40219.1
Project("{FAE04EC0-301F-11D3-BF4B-00C04F79EFBC}") = "exercicio", "exercicio\exercicio.csproj", "{961667C3-07E4-4484-91EB-255D7B1AC091}"
EndProject
Global
	GlobalSection(SolutionConfigurationPlatforms) = preSolution
		Debug|Any CPU = Debug|Any CPU
		Release|Any CPU = Release|Any CPU
	EndGlobalSection
	GlobalSection(ProjectConfigurationPlatforms) = postSolution
		{961667C3-07E4-4484-91EB-255D7B1AC091}.Debug|Any CPU.ActiveCfg = Debug|Any CPU
		{961667C3-07E4-4484-91EB-255D7B1AC091}.Debug|Any CPU.Build.0 = Debug|Any CPU
		{961667C3-07E4-4484-91EB-255D7B1AC091}.Release|Any CPU.ActiveCfg = Release|Any CPU
		{961667C3-07E4-4484-91EB-255D7B1AC091}.Release|Any CPU.Build.0 = Release|Any CPU
	EndGlobalSection
	GlobalSection(SolutionProperties) = preSolution
		HideSolutionNode = FALSE
	EndGlobalSection
	GlobalSection(ExtensibilityGlobals) = postSolution
		SolutionGuid = {F8F61BE8-E461-430B-B3BE-B01168F05CB3}
	EndGlobalSection
EndGlobal
