
Microsoft Visual Studio Solution File, Format Version 12.00
# Visual Studio Version 17
VisualStudioVersion = 17.0.32014.148
MinimumVisualStudioVersion = 10.0.40219.1
Project("{FAE04EC0-301F-11D3-BF4B-00C04F79EFBC}") = "aula10", "aula10\aula10.csproj", "{7D7D688E-CE68-4EF9-BC50-CACF55A57B8F}"
EndProject
Global
	GlobalSection(SolutionConfigurationPlatforms) = preSolution
		Debug|Any CPU = Debug|Any CPU
		Release|Any CPU = Release|Any CPU
	EndGlobalSection
	GlobalSection(ProjectConfigurationPlatforms) = postSolution
		{7D7D688E-CE68-4EF9-BC50-CACF55A57B8F}.Debug|Any CPU.ActiveCfg = Debug|Any CPU
		{7D7D688E-CE68-4EF9-BC50-CACF55A57B8F}.Debug|Any CPU.Build.0 = Debug|Any CPU
		{7D7D688E-CE68-4EF9-BC50-CACF55A57B8F}.Release|Any CPU.ActiveCfg = Release|Any CPU
		{7D7D688E-CE68-4EF9-BC50-CACF55A57B8F}.Release|Any CPU.Build.0 = Release|Any CPU
	EndGlobalSection
	GlobalSection(SolutionProperties) = preSolution
		HideSolutionNode = FALSE
	EndGlobalSection
	GlobalSection(ExtensibilityGlobals) = postSolution
		SolutionGuid = {4B66E20A-E898-4D9D-BDEF-A23A1D4C622F}
	EndGlobalSection
EndGlobal
