
Microsoft Visual Studio Solution File, Format Version 12.00
# Visual Studio Version 16
VisualStudioVersion = 16.0.32510.428
MinimumVisualStudioVersion = 10.0.40219.1
Project("{FAE04EC0-301F-11D3-BF4B-00C04F79EFBC}") = "aula15.2", "aula15.2\aula15.2.csproj", "{14475DF9-EB8C-456C-8878-F0F8BB19A704}"
EndProject
Global
	GlobalSection(SolutionConfigurationPlatforms) = preSolution
		Debug|Any CPU = Debug|Any CPU
		Release|Any CPU = Release|Any CPU
	EndGlobalSection
	GlobalSection(ProjectConfigurationPlatforms) = postSolution
		{14475DF9-EB8C-456C-8878-F0F8BB19A704}.Debug|Any CPU.ActiveCfg = Debug|Any CPU
		{14475DF9-EB8C-456C-8878-F0F8BB19A704}.Debug|Any CPU.Build.0 = Debug|Any CPU
		{14475DF9-EB8C-456C-8878-F0F8BB19A704}.Release|Any CPU.ActiveCfg = Release|Any CPU
		{14475DF9-EB8C-456C-8878-F0F8BB19A704}.Release|Any CPU.Build.0 = Release|Any CPU
	EndGlobalSection
	GlobalSection(SolutionProperties) = preSolution
		HideSolutionNode = FALSE
	EndGlobalSection
	GlobalSection(ExtensibilityGlobals) = postSolution
		SolutionGuid = {8A4B9B78-8D32-49D4-A9CF-7722F66D9D40}
	EndGlobalSection
EndGlobal
