
Microsoft Visual Studio Solution File, Format Version 12.00
# Visual Studio Version 17
VisualStudioVersion = 17.0.32014.148
MinimumVisualStudioVersion = 10.0.40219.1
Project("{FAE04EC0-301F-11D3-BF4B-00C04F79EFBC}") = "aula11", "aula11\aula11.csproj", "{3963C238-EEDE-4467-81AC-DE6BAE4A0A93}"
EndProject
Global
	GlobalSection(SolutionConfigurationPlatforms) = preSolution
		Debug|Any CPU = Debug|Any CPU
		Release|Any CPU = Release|Any CPU
	EndGlobalSection
	GlobalSection(ProjectConfigurationPlatforms) = postSolution
		{3963C238-EEDE-4467-81AC-DE6BAE4A0A93}.Debug|Any CPU.ActiveCfg = Debug|Any CPU
		{3963C238-EEDE-4467-81AC-DE6BAE4A0A93}.Debug|Any CPU.Build.0 = Debug|Any CPU
		{3963C238-EEDE-4467-81AC-DE6BAE4A0A93}.Release|Any CPU.ActiveCfg = Release|Any CPU
		{3963C238-EEDE-4467-81AC-DE6BAE4A0A93}.Release|Any CPU.Build.0 = Release|Any CPU
	EndGlobalSection
	GlobalSection(SolutionProperties) = preSolution
		HideSolutionNode = FALSE
	EndGlobalSection
	GlobalSection(ExtensibilityGlobals) = postSolution
		SolutionGuid = {FB1AF965-FD58-4A70-A90D-AA64A484D036}
	EndGlobalSection
EndGlobal
