
Microsoft Visual Studio Solution File, Format Version 12.00
# Visual Studio Version 17
VisualStudioVersion = 17.0.32014.148
MinimumVisualStudioVersion = 10.0.40219.1
Project("{FAE04EC0-301F-11D3-BF4B-00C04F79EFBC}") = "aula6.3", "aula6.3\aula6.3.csproj", "{A6864D6C-B9DF-4747-9C26-32C1D82F1628}"
EndProject
Global
	GlobalSection(SolutionConfigurationPlatforms) = preSolution
		Debug|Any CPU = Debug|Any CPU
		Release|Any CPU = Release|Any CPU
	EndGlobalSection
	GlobalSection(ProjectConfigurationPlatforms) = postSolution
		{A6864D6C-B9DF-4747-9C26-32C1D82F1628}.Debug|Any CPU.ActiveCfg = Debug|Any CPU
		{A6864D6C-B9DF-4747-9C26-32C1D82F1628}.Debug|Any CPU.Build.0 = Debug|Any CPU
		{A6864D6C-B9DF-4747-9C26-32C1D82F1628}.Release|Any CPU.ActiveCfg = Release|Any CPU
		{A6864D6C-B9DF-4747-9C26-32C1D82F1628}.Release|Any CPU.Build.0 = Release|Any CPU
	EndGlobalSection
	GlobalSection(SolutionProperties) = preSolution
		HideSolutionNode = FALSE
	EndGlobalSection
	GlobalSection(ExtensibilityGlobals) = postSolution
		SolutionGuid = {33920CC6-5EA4-4EA0-AC16-98C351120F84}
	EndGlobalSection
EndGlobal
