
Microsoft Visual Studio Solution File, Format Version 12.00
# Visual Studio Version 17
VisualStudioVersion = 17.4.33213.308
MinimumVisualStudioVersion = 10.0.40219.1
Project("{FAE04EC0-301F-11D3-BF4B-00C04F79EFBC}") = "Exercise 1", "Exercise 1.csproj", "{4BF3D998-D3DB-43DA-A966-0370AEEFD19B}"
EndProject
Global
	GlobalSection(SolutionConfigurationPlatforms) = preSolution
		Debug|Any CPU = Debug|Any CPU
		Release|Any CPU = Release|Any CPU
	EndGlobalSection
	GlobalSection(ProjectConfigurationPlatforms) = postSolution
		{4BF3D998-D3DB-43DA-A966-0370AEEFD19B}.Debug|Any CPU.ActiveCfg = Debug|Any CPU
		{4BF3D998-D3DB-43DA-A966-0370AEEFD19B}.Debug|Any CPU.Build.0 = Debug|Any CPU
		{4BF3D998-D3DB-43DA-A966-0370AEEFD19B}.Release|Any CPU.ActiveCfg = Release|Any CPU
		{4BF3D998-D3DB-43DA-A966-0370AEEFD19B}.Release|Any CPU.Build.0 = Release|Any CPU
	EndGlobalSection
	GlobalSection(SolutionProperties) = preSolution
		HideSolutionNode = FALSE
	EndGlobalSection
	GlobalSection(ExtensibilityGlobals) = postSolution
		SolutionGuid = {B7B695DA-D9A9-403B-8410-4D4B12CE44DB}
	EndGlobalSection
EndGlobal
