
Microsoft Visual Studio Solution File, Format Version 12.00
# Visual Studio Version 17
VisualStudioVersion = 17.5.33424.131
MinimumVisualStudioVersion = 10.0.40219.1
Project("{FAE04EC0-301F-11D3-BF4B-00C04F79EFBC}") = "Exercício 5", "Exercício 5.csproj", "{B783407D-D0A3-4B59-9664-34A7F8229625}"
EndProject
Global
	GlobalSection(SolutionConfigurationPlatforms) = preSolution
		Debug|Any CPU = Debug|Any CPU
		Release|Any CPU = Release|Any CPU
	EndGlobalSection
	GlobalSection(ProjectConfigurationPlatforms) = postSolution
		{B783407D-D0A3-4B59-9664-34A7F8229625}.Debug|Any CPU.ActiveCfg = Debug|Any CPU
		{B783407D-D0A3-4B59-9664-34A7F8229625}.Debug|Any CPU.Build.0 = Debug|Any CPU
		{B783407D-D0A3-4B59-9664-34A7F8229625}.Release|Any CPU.ActiveCfg = Release|Any CPU
		{B783407D-D0A3-4B59-9664-34A7F8229625}.Release|Any CPU.Build.0 = Release|Any CPU
	EndGlobalSection
	GlobalSection(SolutionProperties) = preSolution
		HideSolutionNode = FALSE
	EndGlobalSection
	GlobalSection(ExtensibilityGlobals) = postSolution
		SolutionGuid = {B3A132C0-5D0E-4FD2-BAD8-32DA26DB3EE2}
	EndGlobalSection
EndGlobal
