
Microsoft Visual Studio Solution File, Format Version 12.00
# Visual Studio Version 16
VisualStudioVersion = 16.0.32510.428
MinimumVisualStudioVersion = 10.0.40219.1
Project("{FAE04EC0-301F-11D3-BF4B-00C04F79EFBC}") = "aula20", "aula20\aula20.csproj", "{7D415CFB-672E-451D-824B-CE646EC883B6}"
EndProject
Global
	GlobalSection(SolutionConfigurationPlatforms) = preSolution
		Debug|Any CPU = Debug|Any CPU
		Release|Any CPU = Release|Any CPU
	EndGlobalSection
	GlobalSection(ProjectConfigurationPlatforms) = postSolution
		{7D415CFB-672E-451D-824B-CE646EC883B6}.Debug|Any CPU.ActiveCfg = Debug|Any CPU
		{7D415CFB-672E-451D-824B-CE646EC883B6}.Debug|Any CPU.Build.0 = Debug|Any CPU
		{7D415CFB-672E-451D-824B-CE646EC883B6}.Release|Any CPU.ActiveCfg = Release|Any CPU
		{7D415CFB-672E-451D-824B-CE646EC883B6}.Release|Any CPU.Build.0 = Release|Any CPU
	EndGlobalSection
	GlobalSection(SolutionProperties) = preSolution
		HideSolutionNode = FALSE
	EndGlobalSection
	GlobalSection(ExtensibilityGlobals) = postSolution
		SolutionGuid = {DABAA637-C50A-4E23-811C-46BE0F49B179}
	EndGlobalSection
EndGlobal
