
Microsoft Visual Studio Solution File, Format Version 12.00
# Visual Studio Version 17
VisualStudioVersion = 17.0.32014.148
MinimumVisualStudioVersion = 10.0.40219.1
Project("{FAE04EC0-301F-11D3-BF4B-00C04F79EFBC}") = "aula10.1", "aula10.1\aula10.1.csproj", "{00867126-5F10-4DB9-9B6B-9AAA753BE8DB}"
EndProject
Global
	GlobalSection(SolutionConfigurationPlatforms) = preSolution
		Debug|Any CPU = Debug|Any CPU
		Release|Any CPU = Release|Any CPU
	EndGlobalSection
	GlobalSection(ProjectConfigurationPlatforms) = postSolution
		{00867126-5F10-4DB9-9B6B-9AAA753BE8DB}.Debug|Any CPU.ActiveCfg = Debug|Any CPU
		{00867126-5F10-4DB9-9B6B-9AAA753BE8DB}.Debug|Any CPU.Build.0 = Debug|Any CPU
		{00867126-5F10-4DB9-9B6B-9AAA753BE8DB}.Release|Any CPU.ActiveCfg = Release|Any CPU
		{00867126-5F10-4DB9-9B6B-9AAA753BE8DB}.Release|Any CPU.Build.0 = Release|Any CPU
	EndGlobalSection
	GlobalSection(SolutionProperties) = preSolution
		HideSolutionNode = FALSE
	EndGlobalSection
	GlobalSection(ExtensibilityGlobals) = postSolution
		SolutionGuid = {0C2CDB88-ECE4-4827-90CF-E47DC22761AD}
	EndGlobalSection
EndGlobal
