
Microsoft Visual Studio Solution File, Format Version 12.00
# Visual Studio Version 17
VisualStudioVersion = 17.0.32014.148
MinimumVisualStudioVersion = 10.0.40219.1
Project("{FAE04EC0-301F-11D3-BF4B-00C04F79EFBC}") = "aula8", "aula8\aula8.csproj", "{372223CF-F8FB-40EB-8819-5195B8922E4D}"
EndProject
Global
	GlobalSection(SolutionConfigurationPlatforms) = preSolution
		Debug|Any CPU = Debug|Any CPU
		Release|Any CPU = Release|Any CPU
	EndGlobalSection
	GlobalSection(ProjectConfigurationPlatforms) = postSolution
		{372223CF-F8FB-40EB-8819-5195B8922E4D}.Debug|Any CPU.ActiveCfg = Debug|Any CPU
		{372223CF-F8FB-40EB-8819-5195B8922E4D}.Debug|Any CPU.Build.0 = Debug|Any CPU
		{372223CF-F8FB-40EB-8819-5195B8922E4D}.Release|Any CPU.ActiveCfg = Release|Any CPU
		{372223CF-F8FB-40EB-8819-5195B8922E4D}.Release|Any CPU.Build.0 = Release|Any CPU
	EndGlobalSection
	GlobalSection(SolutionProperties) = preSolution
		HideSolutionNode = FALSE
	EndGlobalSection
	GlobalSection(ExtensibilityGlobals) = postSolution
		SolutionGuid = {8C35646D-CD6C-4595-84E0-482129F8BFE8}
	EndGlobalSection
EndGlobal
