
Microsoft Visual Studio Solution File, Format Version 12.00
# Visual Studio Version 17
VisualStudioVersion = 17.4.33213.308
MinimumVisualStudioVersion = 10.0.40219.1
Project("{FAE04EC0-301F-11D3-BF4B-00C04F79EFBC}") = "funcionario", "funcionario\funcionario.csproj", "{530A4043-742B-4A96-8082-E9B656C59740}"
EndProject
Project("{2150E333-8FDC-42A3-9474-1A3956D46DE8}") = "Itens de Solução", "Itens de Solução", "{D298CD90-A0AC-4AEF-80B4-6F21168785D9}"
EndProject
Global
	GlobalSection(SolutionConfigurationPlatforms) = preSolution
		Debug|Any CPU = Debug|Any CPU
		Release|Any CPU = Release|Any CPU
	EndGlobalSection
	GlobalSection(ProjectConfigurationPlatforms) = postSolution
		{530A4043-742B-4A96-8082-E9B656C59740}.Debug|Any CPU.ActiveCfg = Debug|Any CPU
		{530A4043-742B-4A96-8082-E9B656C59740}.Debug|Any CPU.Build.0 = Debug|Any CPU
		{530A4043-742B-4A96-8082-E9B656C59740}.Release|Any CPU.ActiveCfg = Release|Any CPU
		{530A4043-742B-4A96-8082-E9B656C59740}.Release|Any CPU.Build.0 = Release|Any CPU
	EndGlobalSection
	GlobalSection(SolutionProperties) = preSolution
		HideSolutionNode = FALSE
	EndGlobalSection
	GlobalSection(ExtensibilityGlobals) = postSolution
		SolutionGuid = {C003F407-DB56-4B76-8C8A-E407B751F185}
	EndGlobalSection
EndGlobal
