
Microsoft Visual Studio Solution File, Format Version 12.00
# Visual Studio Version 17
VisualStudioVersion = 17.0.32014.148
MinimumVisualStudioVersion = 10.0.40219.1
Project("{FAE04EC0-301F-11D3-BF4B-00C04F79EFBC}") = "aula5", "aula5\aula5.csproj", "{65E853A5-70F2-4C5F-992D-7A8BFB89E308}"
EndProject
Global
	GlobalSection(SolutionConfigurationPlatforms) = preSolution
		Debug|Any CPU = Debug|Any CPU
		Release|Any CPU = Release|Any CPU
	EndGlobalSection
	GlobalSection(ProjectConfigurationPlatforms) = postSolution
		{65E853A5-70F2-4C5F-992D-7A8BFB89E308}.Debug|Any CPU.ActiveCfg = Debug|Any CPU
		{65E853A5-70F2-4C5F-992D-7A8BFB89E308}.Debug|Any CPU.Build.0 = Debug|Any CPU
		{65E853A5-70F2-4C5F-992D-7A8BFB89E308}.Release|Any CPU.ActiveCfg = Release|Any CPU
		{65E853A5-70F2-4C5F-992D-7A8BFB89E308}.Release|Any CPU.Build.0 = Release|Any CPU
	EndGlobalSection
	GlobalSection(SolutionProperties) = preSolution
		HideSolutionNode = FALSE
	EndGlobalSection
	GlobalSection(ExtensibilityGlobals) = postSolution
		SolutionGuid = {7F3A3324-D53E-45ED-A026-C88E3297FDBB}
	EndGlobalSection
EndGlobal
