
Microsoft Visual Studio Solution File, Format Version 12.00
# Visual Studio Version 17
VisualStudioVersion = 17.5.33424.131
MinimumVisualStudioVersion = 10.0.40219.1
Project("{FAE04EC0-301F-11D3-BF4B-00C04F79EFBC}") = "Exercise 11", "Exercise 11.csproj", "{0D31B928-5215-4977-90B1-C0C6223F1F3B}"
EndProject
Global
	GlobalSection(SolutionConfigurationPlatforms) = preSolution
		Debug|Any CPU = Debug|Any CPU
		Release|Any CPU = Release|Any CPU
	EndGlobalSection
	GlobalSection(ProjectConfigurationPlatforms) = postSolution
		{0D31B928-5215-4977-90B1-C0C6223F1F3B}.Debug|Any CPU.ActiveCfg = Debug|Any CPU
		{0D31B928-5215-4977-90B1-C0C6223F1F3B}.Debug|Any CPU.Build.0 = Debug|Any CPU
		{0D31B928-5215-4977-90B1-C0C6223F1F3B}.Release|Any CPU.ActiveCfg = Release|Any CPU
		{0D31B928-5215-4977-90B1-C0C6223F1F3B}.Release|Any CPU.Build.0 = Release|Any CPU
	EndGlobalSection
	GlobalSection(SolutionProperties) = preSolution
		HideSolutionNode = FALSE
	EndGlobalSection
	GlobalSection(ExtensibilityGlobals) = postSolution
		SolutionGuid = {D7E61AE9-7B4C-42A4-891B-3ACF2857F5CE}
	EndGlobalSection
EndGlobal
