
Microsoft Visual Studio Solution File, Format Version 12.00
# Visual Studio Version 16
VisualStudioVersion = 16.0.32002.261
MinimumVisualStudioVersion = 10.0.40219.1
Project("{FAE04EC0-301F-11D3-BF4B-00C04F79EFBC}") = "aula24", "aula24\aula24.csproj", "{64D86437-DB27-4CB3-A764-12DCF639C816}"
EndProject
Global
	GlobalSection(SolutionConfigurationPlatforms) = preSolution
		Debug|Any CPU = Debug|Any CPU
		Release|Any CPU = Release|Any CPU
	EndGlobalSection
	GlobalSection(ProjectConfigurationPlatforms) = postSolution
		{64D86437-DB27-4CB3-A764-12DCF639C816}.Debug|Any CPU.ActiveCfg = Debug|Any CPU
		{64D86437-DB27-4CB3-A764-12DCF639C816}.Debug|Any CPU.Build.0 = Debug|Any CPU
		{64D86437-DB27-4CB3-A764-12DCF639C816}.Release|Any CPU.ActiveCfg = Release|Any CPU
		{64D86437-DB27-4CB3-A764-12DCF639C816}.Release|Any CPU.Build.0 = Release|Any CPU
	EndGlobalSection
	GlobalSection(SolutionProperties) = preSolution
		HideSolutionNode = FALSE
	EndGlobalSection
	GlobalSection(ExtensibilityGlobals) = postSolution
		SolutionGuid = {5F07B387-7010-41FF-A293-57F0E38DDA11}
	EndGlobalSection
EndGlobal
